
Microsoft Visual Studio Solution File, Format Version 12.00
# Visual Studio Version 17
VisualStudioVersion = 17.11.35312.102
MinimumVisualStudioVersion = 10.0.40219.1
Project("{9A19103F-16F7-4668-BE54-9A1E7A4F7556}") = "ConsoleApp1", "ConsoleApp1\ConsoleApp1.csproj", "{79FFE9F2-6DE7-4251-8D92-1D174392294D}"
	ProjectSection(ProjectDependencies) = postProject
		{460C5B45-B69F-4754-881F-2A0128A69E9B} = {460C5B45-B69F-4754-881F-2A0128A69E9B}
		{976B1232-4158-4E45-BE65-3123855E215C} = {976B1232-4158-4E45-BE65-3123855E215C}
		{CACB1111-6A78-4B08-8E0C-850404CCC851} = {CACB1111-6A78-4B08-8E0C-850404CCC851}
		{CDE5D794-8D2B-49DA-88FC-A7B7E52C7F84} = {CDE5D794-8D2B-49DA-88FC-A7B7E52C7F84}
	EndProjectSection
EndProject
Project("{9A19103F-16F7-4668-BE54-9A1E7A4F7556}") = "EMSModule", "EMSModule\EMSModule.csproj", "{460C5B45-B69F-4754-881F-2A0128A69E9B}"
EndProject
Project("{9A19103F-16F7-4668-BE54-9A1E7A4F7556}") = "DAOModule", "DAOModule\DAOModule.csproj", "{88D20581-BA71-4E63-98F7-03F2D7ABB927}"
	ProjectSection(ProjectDependencies) = postProject
		{976B1232-4158-4E45-BE65-3123855E215C} = {976B1232-4158-4E45-BE65-3123855E215C}
		{CDE5D794-8D2B-49DA-88FC-A7B7E52C7F84} = {CDE5D794-8D2B-49DA-88FC-A7B7E52C7F84}
	EndProjectSection
EndProject
Project("{9A19103F-16F7-4668-BE54-9A1E7A4F7556}") = "ExceptionModule", "ExceptionModule\ExceptionModule.csproj", "{976B1232-4158-4E45-BE65-3123855E215C}"
EndProject
Project("{9A19103F-16F7-4668-BE54-9A1E7A4F7556}") = "UtilModule", "UtilModule\UtilModule.csproj", "{CDE5D794-8D2B-49DA-88FC-A7B7E52C7F84}"
EndProject
Project("{9A19103F-16F7-4668-BE54-9A1E7A4F7556}") = "TestProject1", "TestProject1\TestProject1.csproj", "{0444EC00-0146-40B4-8209-AEC546FDE4F6}"
	ProjectSection(ProjectDependencies) = postProject
		{460C5B45-B69F-4754-881F-2A0128A69E9B} = {460C5B45-B69F-4754-881F-2A0128A69E9B}
	EndProjectSection
EndProject
Project("{FAE04EC0-301F-11D3-BF4B-00C04F79EFBC}") = "HelperLibrary", "HelperLibrary\HelperLibrary.csproj", "{CACB1111-6A78-4B08-8E0C-850404CCC851}"
	ProjectSection(ProjectDependencies) = postProject
		{460C5B45-B69F-4754-881F-2A0128A69E9B} = {460C5B45-B69F-4754-881F-2A0128A69E9B}
		{88D20581-BA71-4E63-98F7-03F2D7ABB927} = {88D20581-BA71-4E63-98F7-03F2D7ABB927}
		{976B1232-4158-4E45-BE65-3123855E215C} = {976B1232-4158-4E45-BE65-3123855E215C}
	EndProjectSection
EndProject
Global
	GlobalSection(SolutionConfigurationPlatforms) = preSolution
		Debug|Any CPU = Debug|Any CPU
		Release|Any CPU = Release|Any CPU
	EndGlobalSection
	GlobalSection(ProjectConfigurationPlatforms) = postSolution
		{79FFE9F2-6DE7-4251-8D92-1D174392294D}.Debug|Any CPU.ActiveCfg = Debug|Any CPU
		{79FFE9F2-6DE7-4251-8D92-1D174392294D}.Debug|Any CPU.Build.0 = Debug|Any CPU
		{79FFE9F2-6DE7-4251-8D92-1D174392294D}.Release|Any CPU.ActiveCfg = Release|Any CPU
		{79FFE9F2-6DE7-4251-8D92-1D174392294D}.Release|Any CPU.Build.0 = Release|Any CPU
		{460C5B45-B69F-4754-881F-2A0128A69E9B}.Debug|Any CPU.ActiveCfg = Debug|Any CPU
		{460C5B45-B69F-4754-881F-2A0128A69E9B}.Debug|Any CPU.Build.0 = Debug|Any CPU
		{460C5B45-B69F-4754-881F-2A0128A69E9B}.Release|Any CPU.ActiveCfg = Release|Any CPU
		{460C5B45-B69F-4754-881F-2A0128A69E9B}.Release|Any CPU.Build.0 = Release|Any CPU
		{88D20581-BA71-4E63-98F7-03F2D7ABB927}.Debug|Any CPU.ActiveCfg = Debug|Any CPU
		{88D20581-BA71-4E63-98F7-03F2D7ABB927}.Debug|Any CPU.Build.0 = Debug|Any CPU
		{88D20581-BA71-4E63-98F7-03F2D7ABB927}.Release|Any CPU.ActiveCfg = Release|Any CPU
		{88D20581-BA71-4E63-98F7-03F2D7ABB927}.Release|Any CPU.Build.0 = Release|Any CPU
		{976B1232-4158-4E45-BE65-3123855E215C}.Debug|Any CPU.ActiveCfg = Debug|Any CPU
		{976B1232-4158-4E45-BE65-3123855E215C}.Debug|Any CPU.Build.0 = Debug|Any CPU
		{976B1232-4158-4E45-BE65-3123855E215C}.Release|Any CPU.ActiveCfg = Release|Any CPU
		{976B1232-4158-4E45-BE65-3123855E215C}.Release|Any CPU.Build.0 = Release|Any CPU
		{CDE5D794-8D2B-49DA-88FC-A7B7E52C7F84}.Debug|Any CPU.ActiveCfg = Debug|Any CPU
		{CDE5D794-8D2B-49DA-88FC-A7B7E52C7F84}.Debug|Any CPU.Build.0 = Debug|Any CPU
		{CDE5D794-8D2B-49DA-88FC-A7B7E52C7F84}.Release|Any CPU.ActiveCfg = Release|Any CPU
		{CDE5D794-8D2B-49DA-88FC-A7B7E52C7F84}.Release|Any CPU.Build.0 = Release|Any CPU
		{0444EC00-0146-40B4-8209-AEC546FDE4F6}.Debug|Any CPU.ActiveCfg = Debug|Any CPU
		{0444EC00-0146-40B4-8209-AEC546FDE4F6}.Debug|Any CPU.Build.0 = Debug|Any CPU
		{0444EC00-0146-40B4-8209-AEC546FDE4F6}.Release|Any CPU.ActiveCfg = Release|Any CPU
		{0444EC00-0146-40B4-8209-AEC546FDE4F6}.Release|Any CPU.Build.0 = Release|Any CPU
		{CACB1111-6A78-4B08-8E0C-850404CCC851}.Debug|Any CPU.ActiveCfg = Debug|Any CPU
		{CACB1111-6A78-4B08-8E0C-850404CCC851}.Debug|Any CPU.Build.0 = Debug|Any CPU
		{CACB1111-6A78-4B08-8E0C-850404CCC851}.Release|Any CPU.ActiveCfg = Release|Any CPU
		{CACB1111-6A78-4B08-8E0C-850404CCC851}.Release|Any CPU.Build.0 = Release|Any CPU
	EndGlobalSection
	GlobalSection(SolutionProperties) = preSolution
		HideSolutionNode = FALSE
	EndGlobalSection
	GlobalSection(ExtensibilityGlobals) = postSolution
		SolutionGuid = {33FDCBA6-E68C-4D36-9402-ACF1A1DAA139}
	EndGlobalSection
EndGlobal
